
Microsoft Visual Studio Solution File, Format Version 11.00
# Visual Studio 2010
Project("{FAE04EC0-301F-11D3-BF4B-00C04F79EFBC}") = "INSTA.TooLate.UI.Windows", "INSTA.TooLate.UI.Windows\INSTA.TooLate.UI.Windows\INSTA.TooLate.UI.Windows.csproj", "{8DAD5F7C-0460-4105-AE62-E3903C4CFA7B}"
EndProject
Project("{96E2B04D-8817-42C6-938A-82C39BA4D311}") = "INSTA.TooLate.UI.WindowsContent", "INSTA.TooLate.UI.Windows\INSTA.TooLate.UI.WindowsContent\INSTA.TooLate.UI.WindowsContent.contentproj", "{5D3BD858-22DB-4A9A-A814-0907E9DEE087}"
EndProject
Global
	GlobalSection(SolutionConfigurationPlatforms) = preSolution
		Debug|x86 = Debug|x86
		Release|x86 = Release|x86
	EndGlobalSection
	GlobalSection(ProjectConfigurationPlatforms) = postSolution
		{8DAD5F7C-0460-4105-AE62-E3903C4CFA7B}.Debug|x86.ActiveCfg = Debug|x86
		{8DAD5F7C-0460-4105-AE62-E3903C4CFA7B}.Debug|x86.Build.0 = Debug|x86
		{8DAD5F7C-0460-4105-AE62-E3903C4CFA7B}.Release|x86.ActiveCfg = Release|x86
		{8DAD5F7C-0460-4105-AE62-E3903C4CFA7B}.Release|x86.Build.0 = Release|x86
		{5D3BD858-22DB-4A9A-A814-0907E9DEE087}.Debug|x86.ActiveCfg = Debug|x86
		{5D3BD858-22DB-4A9A-A814-0907E9DEE087}.Release|x86.ActiveCfg = Release|x86
	EndGlobalSection
	GlobalSection(SolutionProperties) = preSolution
		HideSolutionNode = FALSE
	EndGlobalSection
EndGlobal
