
Microsoft Visual Studio Solution File, Format Version 11.00
# Visual Studio 2010
Project("{FAE04EC0-301F-11D3-BF4B-00C04F79EFBC}") = "INSTA.TooLate.UI.Windows", "INSTA.TooLate.UI.Windows\INSTA.TooLate.UI.Windows\INSTA.TooLate.UI.Windows.csproj", "{8DAD5F7C-0460-4105-AE62-E3903C4CFA7B}"
EndProject
Project("{FAE04EC0-301F-11D3-BF4B-00C04F79EFBC}") = "INSTA.TooLate.UI.WindowsContent", "INSTA.TooLate.UI.Windows\INSTA.TooLate.UI.WindowsContent\INSTA.TooLate.UI.WindowsContent.contentproj", "{5D3BD858-22DB-4A9A-A814-0907E9DEE087}"
EndProject
Global
	GlobalSection(SubversionScc) = preSolution
		Svn-Managed = True
		Manager = AnkhSVN - Subversion Support for Visual Studio
	EndGlobalSection
	GlobalSection(SolutionConfigurationPlatforms) = preSolution
		Debug|Any CPU = Debug|Any CPU
		Debug|Mixed Platforms = Debug|Mixed Platforms
		Debug|x86 = Debug|x86
		Release|Any CPU = Release|Any CPU
		Release|Mixed Platforms = Release|Mixed Platforms
		Release|x86 = Release|x86
	EndGlobalSection
	GlobalSection(ProjectConfigurationPlatforms) = postSolution
		{8DAD5F7C-0460-4105-AE62-E3903C4CFA7B}.Debug|Any CPU.ActiveCfg = Debug|x86
		{8DAD5F7C-0460-4105-AE62-E3903C4CFA7B}.Debug|Mixed Platforms.ActiveCfg = Debug|x86
		{8DAD5F7C-0460-4105-AE62-E3903C4CFA7B}.Debug|Mixed Platforms.Build.0 = Debug|x86
		{8DAD5F7C-0460-4105-AE62-E3903C4CFA7B}.Debug|x86.ActiveCfg = Debug|x86
		{8DAD5F7C-0460-4105-AE62-E3903C4CFA7B}.Debug|x86.Build.0 = Debug|x86
		{8DAD5F7C-0460-4105-AE62-E3903C4CFA7B}.Release|Any CPU.ActiveCfg = Release|x86
		{8DAD5F7C-0460-4105-AE62-E3903C4CFA7B}.Release|Mixed Platforms.ActiveCfg = Release|x86
		{8DAD5F7C-0460-4105-AE62-E3903C4CFA7B}.Release|Mixed Platforms.Build.0 = Release|x86
		{8DAD5F7C-0460-4105-AE62-E3903C4CFA7B}.Release|x86.ActiveCfg = Release|x86
		{8DAD5F7C-0460-4105-AE62-E3903C4CFA7B}.Release|x86.Build.0 = Release|x86
		{5D3BD858-22DB-4A9A-A814-0907E9DEE087}.Debug|Any CPU.ActiveCfg = Debug|x86
		{5D3BD858-22DB-4A9A-A814-0907E9DEE087}.Debug|Mixed Platforms.ActiveCfg = Debug|x86
		{5D3BD858-22DB-4A9A-A814-0907E9DEE087}.Debug|x86.ActiveCfg = Debug|x86
		{5D3BD858-22DB-4A9A-A814-0907E9DEE087}.Release|Any CPU.ActiveCfg = Release|x86
		{5D3BD858-22DB-4A9A-A814-0907E9DEE087}.Release|Mixed Platforms.ActiveCfg = Release|x86
		{5D3BD858-22DB-4A9A-A814-0907E9DEE087}.Release|x86.ActiveCfg = Release|x86
	EndGlobalSection
	GlobalSection(SolutionProperties) = preSolution
		HideSolutionNode = FALSE
	EndGlobalSection
EndGlobal
